// !$*UTF8*$!
{
	archiveVersion = 1;
	classes = {
	};
	objectVersion = 46;
	objects = {

/* Begin PBXBuildFile section */
		10F570C01F1E2A1900889E66 /* AppDelegate.swift in Sources */ = {isa = PBXBuildFile; fileRef = 10F570BF1F1E2A1900889E66 /* AppDelegate.swift */; };
		10F570C21F1E2A1900889E66 /* ViewController.swift in Sources */ = {isa = PBXBuildFile; fileRef = 10F570C11F1E2A1900889E66 /* ViewController.swift */; };
		10F570C51F1E2A1900889E66 /* Main.storyboard in Resources */ = {isa = PBXBuildFile; fileRef = 10F570C31F1E2A1900889E66 /* Main.storyboard */; };
		10F570C81F1E2A1900889E66 /* Game_Collector.xcdatamodeld in Sources */ = {isa = PBXBuildFile; fileRef = 10F570C61F1E2A1900889E66 /* Game_Collector.xcdatamodeld */; };
		10F570CA1F1E2A1900889E66 /* Assets.xcassets in Resources */ = {isa = PBXBuildFile; fileRef = 10F570C91F1E2A1900889E66 /* Assets.xcassets */; };
		10F570CD1F1E2A1900889E66 /* LaunchScreen.storyboard in Resources */ = {isa = PBXBuildFile; fileRef = 10F570CB1F1E2A1900889E66 /* LaunchScreen.storyboard */; };
/* End PBXBuildFile section */

/* Begin PBXFileReference section */
		10F570BC1F1E2A1900889E66 /* Game Collector.app */ = {isa = PBXFileReference; explicitFileType = wrapper.application; includeInIndex = 0; path = "Game Collector.app"; sourceTree = BUILT_PRODUCTS_DIR; };
		10F570BF1F1E2A1900889E66 /* AppDelegate.swift */ = {isa = PBXFileReference; lastKnownFileType = sourcecode.swift; path = AppDelegate.swift; sourceTree = "<group>"; };
		10F570C11F1E2A1900889E66 /* ViewController.swift */ = {isa = PBXFileReference; lastKnownFileType = sourcecode.swift; path = ViewController.swift; sourceTree = "<group>"; };
		10F570C41F1E2A1900889E66 /* Base */ = {isa = PBXFileReference; lastKnownFileType = file.storyboard; name = Base; path = Base.lproj/Main.storyboard; sourceTree = "<group>"; };
		10F570C71F1E2A1900889E66 /* Game_Collector.xcdatamodel */ = {isa = PBXFileReference; lastKnownFileType = wrapper.xcdatamodel; path = Game_Collector.xcdatamodel; sourceTree = "<group>"; };
		10F570C91F1E2A1900889E66 /* Assets.xcassets */ = {isa = PBXFileReference; lastKnownFileType = folder.assetcatalog; path = Assets.xcassets; sourceTree = "<group>"; };
		10F570CC1F1E2A1900889E66 /* Base */ = {isa = PBXFileReference; lastKnownFileType = file.storyboard; name = Base; path = Base.lproj/LaunchScreen.storyboard; sourceTree = "<group>"; };
		10F570CE1F1E2A1900889E66 /* Info.plist */ = {isa = PBXFileReference; lastKnownFileType = text.plist.xml; path = Info.plist; sourceTree = "<group>"; };
/* End PBXFileReference section */

/* Begin PBXFrameworksBuildPhase section */
		10F570B91F1E2A1900889E66 /* Frameworks */ = {
			isa = PBXFrameworksBuildPhase;
			buildActionMask = 2147483647;
			files = (
			);
			runOnlyForDeploymentPostprocessing = 0;
		};
/* End PBXFrameworksBuildPhase section */

/* Begin PBXGroup section */
		10F570B31F1E2A1800889E66 = {
			isa = PBXGroup;
			children = (
				10F570BE1F1E2A1900889E66 /* Game Collector */,
				10F570BD1F1E2A1900889E66 /* Products */,
			);
			sourceTree = "<group>";
		};
		10F570BD1F1E2A1900889E66 /* Products */ = {
			isa = PBXGroup;
			children = (
				10F570BC1F1E2A1900889E66 /* Game Collector.app */,
			);
			name = Products;
			sourceTree = "<group>";
		};
		10F570BE1F1E2A1900889E66 /* Game Collector */ = {
			isa = PBXGroup;
			children = (
				10F570BF1F1E2A1900889E66 /* AppDelegate.swift */,
				10F570C11F1E2A1900889E66 /* ViewController.swift */,
				10F570C31F1E2A1900889E66 /* Main.storyboard */,
				10F570C91F1E2A1900889E66 /* Assets.xcassets */,
				10F570CB1F1E2A1900889E66 /* LaunchScreen.storyboard */,
				10F570CE1F1E2A1900889E66 /* Info.plist */,
				10F570C61F1E2A1900889E66 /* Game_Collector.xcdatamodeld */,
			);
			path = "Game Collector";
			sourceTree = "<group>";
		};
/* End PBXGroup section */

/* Begin PBXNativeTarget section */
		10F570BB1F1E2A1900889E66 /* Game Collector */ = {
			isa = PBXNativeTarget;
			buildConfigurationList = 10F570D11F1E2A1900889E66 /* Build configuration list for PBXNativeTarget "Game Collector" */;
			buildPhases = (
				10F570B81F1E2A1900889E66 /* Sources */,
				10F570B91F1E2A1900889E66 /* Frameworks */,
				10F570BA1F1E2A1900889E66 /* Resources */,
			);
			buildRules = (
			);
			dependencies = (
			);
			name = "Game Collector";
			productName = "Game Collector";
			productReference = 10F570BC1F1E2A1900889E66 /* Game Collector.app */;
			productType = "com.apple.product-type.application";
		};
/* End PBXNativeTarget section */

/* Begin PBXProject section */
		10F570B41F1E2A1800889E66 /* Project object */ = {
			isa = PBXProject;
			attributes = {
				LastSwiftUpdateCheck = 0830;
				LastUpgradeCheck = 0830;
				ORGANIZATIONNAME = Mubbasher;
				TargetAttributes = {
					10F570BB1F1E2A1900889E66 = {
						CreatedOnToolsVersion = 8.3.2;
						DevelopmentTeam = 2GGVQMURM9;
						ProvisioningStyle = Automatic;
					};
				};
			};
			buildConfigurationList = 10F570B71F1E2A1800889E66 /* Build configuration list for PBXProject "Game Collector" */;
			compatibilityVersion = "Xcode 3.2";
			developmentRegion = English;
			hasScannedForEncodings = 0;
			knownRegions = (
				en,
				Base,
			);
			mainGroup = 10F570B31F1E2A1800889E66;
			productRefGroup = 10F570BD1F1E2A1900889E66 /* Products */;
			projectDirPath = "";
			projectRoot = "";
			targets = (
				10F570BB1F1E2A1900889E66 /* Game Collector */,
			);
		};
/* End PBXProject section */

/* Begin PBXResourcesBuildPhase section */
		10F570BA1F1E2A1900889E66 /* Resources */ = {
			isa = PBXResourcesBuildPhase;
			buildActionMask = 2147483647;
			files = (
				10F570CD1F1E2A1900889E66 /* LaunchScreen.storyboard in Resources */,
				10F570CA1F1E2A1900889E66 /* Assets.xcassets in Resources */,
				10F570C51F1E2A1900889E66 /* Main.storyboard in Resources */,
			);
			runOnlyForDeploymentPostprocessing = 0;
		};
/* End PBXResourcesBuildPhase section */

/* Begin PBXSourcesBuildPhase section */
		10F570B81F1E2A1900889E66 /* Sources */ = {
			isa = PBXSourcesBuildPhase;
			buildActionMask = 2147483647;
			files = (
				10F570C21F1E2A1900889E66 /* ViewController.swift in Sources */,
				10F570C01F1E2A1900889E66 /* AppDelegate.swift in Sources */,
				10F570C81F1E2A1900889E66 /* Game_Collector.xcdatamodeld in Sources */,
			);
			runOnlyForDeploymentPostprocessing = 0;
		};
/* End PBXSourcesBuildPhase section */

/* Begin PBXVariantGroup section */
		10F570C31F1E2A1900889E66 /* Main.storyboard */ = {
			isa = PBXVariantGroup;
			children = (
				10F570C41F1E2A1900889E66 /* Base */,
			);
			name = Main.storyboard;
			sourceTree = "<group>";
		};
		10F570CB1F1E2A1900889E66 /* LaunchScreen.storyboard */ = {
			isa = PBXVariantGroup;
			children = (
				10F570CC1F1E2A1900889E66 /* Base */,
			);
			name = LaunchScreen.storyboard;
			sourceTree = "<group>";
		};
/* End PBXVariantGroup section */

/* Begin XCBuildConfiguration section */
		10F570CF1F1E2A1900889E66 /* Debug */ = {
			isa = XCBuildConfiguration;
			buildSettings = {
				ALWAYS_SEARCH_USER_PATHS = NO;
				CLANG_ANALYZER_NONNULL = YES;
				CLANG_ANALYZER_NUMBER_OBJECT_CONVERSION = YES_AGGRESSIVE;
				CLANG_CXX_LANGUAGE_STANDARD = "gnu++0x";
				CLANG_CXX_LIBRARY = "libc++";
				CLANG_ENABLE_MODULES = YES;
				CLANG_ENABLE_OBJC_ARC = YES;
				CLANG_WARN_BOOL_CONVERSION = YES;
				CLANG_WARN_CONSTANT_CONVERSION = YES;
				CLANG_WARN_DIRECT_OBJC_ISA_USAGE = YES_ERROR;
				CLANG_WARN_DOCUMENTATION_COMMENTS = YES;
				CLANG_WARN_EMPTY_BODY = YES;
				CLANG_WARN_ENUM_CONVERSION = YES;
				CLANG_WARN_INFINITE_RECURSION = YES;
				CLANG_WARN_INT_CONVERSION = YES;
				CLANG_WARN_OBJC_ROOT_CLASS = YES_ERROR;
				CLANG_WARN_SUSPICIOUS_MOVE = YES;
				CLANG_WARN_UNREACHABLE_CODE = YES;
				CLANG_WARN__DUPLICATE_METHOD_MATCH = YES;
				"CODE_SIGN_IDENTITY[sdk=iphoneos*]" = "iPhone Developer";
				COPY_PHASE_STRIP = NO;
				DEBUG_INFORMATION_FORMAT = dwarf;
				ENABLE_STRICT_OBJC_MSGSEND = YES;
				ENABLE_TESTABILITY = YES;
				GCC_C_LANGUAGE_STANDARD = gnu99;
				GCC_DYNAMIC_NO_PIC = NO;
				GCC_NO_COMMON_BLOCKS = YES;
				GCC_OPTIMIZATION_LEVEL = 0;
				GCC_PREPROCESSOR_DEFINITIONS = (
					"DEBUG=1",
					"$(inherited)",
				);
				GCC_WARN_64_TO_32_BIT_CONVERSION = YES;
				GCC_WARN_ABOUT_RETURN_TYPE = YES_ERROR;
				GCC_WARN_UNDECLARED_SELECTOR = YES;
				GCC_WARN_UNINITIALIZED_AUTOS = YES_AGGRESSIVE;
				GCC_WARN_UNUSED_FUNCTION = YES;
				GCC_WARN_UNUSED_VARIABLE = YES;
				IPHONEOS_DEPLOYMENT_TARGET = 10.3;
				MTL_ENABLE_DEBUG_INFO = YES;
				ONLY_ACTIVE_ARCH = YES;
				SDKROOT = iphoneos;
				SWIFT_ACTIVE_COMPILATION_CONDITIONS = DEBUG;
				SWIFT_OPTIMIZATION_LEVEL = "-Onone";
				TARGETED_DEVICE_FAMILY = "1,2";
			};
			name = Debug;
		};
		10F570D01F1E2A1900889E66 /* Release */ = {
			isa = XCBuildConfiguration;
			buildSettings = {
				ALWAYS_SEARCH_USER_PATHS = NO;
				CLANG_ANALYZER_NONNULL = YES;
				CLANG_ANALYZER_NUMBER_OBJECT_CONVERSION = YES_AGGRESSIVE;
				CLANG_CXX_LANGUAGE_STANDARD = "gnu++0x";
				CLANG_CXX_LIBRARY = "libc++";
				CLANG_ENABLE_MODULES = YES;
				CLANG_ENABLE_OBJC_ARC = YES;
				CLANG_WARN_BOOL_CONVERSION = YES;
				CLANG_WARN_CONSTANT_CONVERSION = YES;
				CLANG_WARN_DIRECT_OBJC_ISA_USAGE = YES_ERROR;
				CLANG_WARN_DOCUMENTATION_COMMENTS = YES;
				CLANG_WARN_EMPTY_BODY = YES;
				CLANG_WARN_ENUM_CONVERSION = YES;
				CLANG_WARN_INFINITE_RECURSION = YES;
				CLANG_WARN_INT_CONVERSION = YES;
				CLANG_WARN_OBJC_ROOT_CLASS = YES_ERROR;
				CLANG_WARN_SUSPICIOUS_MOVE = YES;
				CLANG_WARN_UNREACHABLE_CODE = YES;
				CLANG_WARN__DUPLICATE_METHOD_MATCH = YES;
				"CODE_SIGN_IDENTITY[sdk=iphoneos*]" = "iPhone Developer";
				COPY_PHASE_STRIP = NO;
				DEBUG_INFORMATION_FORMAT = "dwarf-with-dsym";
				ENABLE_NS_ASSERTIONS = NO;
				ENABLE_STRICT_OBJC_MSGSEND = YES;
				GCC_C_LANGUAGE_STANDARD = gnu99;
				GCC_NO_COMMON_BLOCKS = YES;
				GCC_WARN_64_TO_32_BIT_CONVERSION = YES;
				GCC_WARN_ABOUT_RETURN_TYPE = YES_ERROR;
				GCC_WARN_UNDECLARED_SELECTOR = YES;
				GCC_WARN_UNINITIALIZED_AUTOS = YES_AGGRESSIVE;
				GCC_WARN_UNUSED_FUNCTION = YES;
				GCC_WARN_UNUSED_VARIABLE = YES;
				IPHONEOS_DEPLOYMENT_TARGET = 10.3;
				MTL_ENABLE_DEBUG_INFO = NO;
				SDKROOT = iphoneos;
				SWIFT_OPTIMIZATION_LEVEL = "-Owholemodule";
				TARGETED_DEVICE_FAMILY = "1,2";
				VALIDATE_PRODUCT = YES;
			};
			name = Release;
		};
		10F570D21F1E2A1900889E66 /* Debug */ = {
			isa = XCBuildConfiguration;
			buildSettings = {
				ASSETCATALOG_COMPILER_APPICON_NAME = AppIcon;
				DEVELOPMENT_TEAM = 2GGVQMURM9;
				INFOPLIST_FILE = "Game Collector/Info.plist";
				LD_RUNPATH_SEARCH_PATHS = "$(inherited) @executable_path/Frameworks";
				PRODUCT_BUNDLE_IDENTIFIER = "com.mubb.Game-Collector";
				PRODUCT_NAME = "$(TARGET_NAME)";
				SWIFT_VERSION = 3.0;
			};
			name = Debug;
		};
		10F570D31F1E2A1900889E66 /* Release */ = {
			isa = XCBuildConfiguration;
			buildSettings = {
				ASSETCATALOG_COMPILER_APPICON_NAME = AppIcon;
				DEVELOPMENT_TEAM = 2GGVQMURM9;
				INFOPLIST_FILE = "Game Collector/Info.plist";
				LD_RUNPATH_SEARCH_PATHS = "$(inherited) @executable_path/Frameworks";
				PRODUCT_BUNDLE_IDENTIFIER = "com.mubb.Game-Collector";
				PRODUCT_NAME = "$(TARGET_NAME)";
				SWIFT_VERSION = 3.0;
			};
			name = Release;
		};
/* End XCBuildConfiguration section */

/* Begin XCConfigurationList section */
		10F570B71F1E2A1800889E66 /* Build configuration list for PBXProject "Game Collector" */ = {
			isa = XCConfigurationList;
			buildConfigurations = (
				10F570CF1F1E2A1900889E66 /* Debug */,
				10F570D01F1E2A1900889E66 /* Release */,
			);
			defaultConfigurationIsVisible = 0;
			defaultConfigurationName = Release;
		};
		10F570D11F1E2A1900889E66 /* Build configuration list for PBXNativeTarget "Game Collector" */ = {
			isa = XCConfigurationList;
			buildConfigurations = (
				10F570D21F1E2A1900889E66 /* Debug */,
				10F570D31F1E2A1900889E66 /* Release */,
			);
			defaultConfigurationIsVisible = 0;
		};
/* End XCConfigurationList section */

/* Begin XCVersionGroup section */
		10F570C61F1E2A1900889E66 /* Game_Collector.xcdatamodeld */ = {
			isa = XCVersionGroup;
			children = (
				10F570C71F1E2A1900889E66 /* Game_Collector.xcdatamodel */,
			);
			currentVersion = 10F570C71F1E2A1900889E66 /* Game_Collector.xcdatamodel */;
			path = Game_Collector.xcdatamodeld;
			sourceTree = "<group>";
			versionGroupType = wrapper.xcdatamodel;
		};
/* End XCVersionGroup section */
	};
	rootObject = 10F570B41F1E2A1800889E66 /* Project object */;
}
